---
lockfileVersion: 1
lockfileVendor: redhat
arches:
- arch: aarch64
  packages:
  - url: https://cdn.redhat.com/content/dist/layered/rhel9/aarch64/rhocp/4.20/os/Packages/o/openshift-clients-4.20.0-202510212154.p2.g7f1d6f8.assembly.stream.el9.aarch64.rpm
    repoid: rhocp-4.20-for-rhel-9-aarch64-rpms
    size: 61651240
    checksum: sha256:97759dd08d0e02e6b2220de5791439bac323e297559859b9f214fe0bc5be8ed0
    name: openshift-clients
    evr: 4.20.0-202510212154.p2.g7f1d6f8.assembly.stream.el9
    sourcerpm: openshift-clients-4.20.0-202510212154.p2.g7f1d6f8.assembly.stream.el9.src.rpm
  - url: https://cdn.redhat.com/content/dist/rhel9/9/aarch64/baseos/os/Packages/b/bash-completion-2.11-5.el9.noarch.rpm
    repoid: rhel-9-for-aarch64-baseos-rpms
    size: 469639
    checksum: sha256:3b4ae87f0e9a13cda47f1c009eb2c63135dc22b2b4dd89a6310f8e8fbb59e30a
    name: bash-completion
    evr: 1:2.11-5.el9
    sourcerpm: bash-completion-2.11-5.el9.src.rpm
  - url: https://cdn.redhat.com/content/dist/rhel9/9/aarch64/baseos/os/Packages/j/jq-1.6-17.el9_6.2.aarch64.rpm
    repoid: rhel-9-for-aarch64-baseos-rpms
    size: 185443
    checksum: sha256:46c953403e2da3202cb0509f4895afacbbfa95f840b4e228dc4c72c1523b8aae
    name: jq
    evr: 1.6-17.el9_6.2
    sourcerpm: jq-1.6-17.el9_6.2.src.rpm
  - url: https://cdn.redhat.com/content/dist/rhel9/9/aarch64/baseos/os/Packages/l/libpkgconf-1.7.3-10.el9.aarch64.rpm
    repoid: rhel-9-for-aarch64-baseos-rpms
    size: 38310
    checksum: sha256:9bdfccf6b092e0683aa6984f7c6caa737b30c0b1495e16abb03b5d1a5f8e787a
    name: libpkgconf
    evr: 1.7.3-10.el9
    sourcerpm: pkgconf-1.7.3-10.el9.src.rpm
  - url: https://cdn.redhat.com/content/dist/rhel9/9/aarch64/baseos/os/Packages/o/oniguruma-6.9.6-1.el9.6.aarch64.rpm
    repoid: rhel-9-for-aarch64-baseos-rpms
    size: 222676
    checksum: sha256:a75ad34bc945249c352dc690055b429a04b405f0f62c6bc0f0962e501b104ef6
    name: oniguruma
    evr: 6.9.6-1.el9.6
    sourcerpm: oniguruma-6.9.6-1.el9.6.src.rpm
  - url: https://cdn.redhat.com/content/dist/rhel9/9/aarch64/baseos/os/Packages/p/pkgconf-1.7.3-10.el9.aarch64.rpm
    repoid: rhel-9-for-aarch64-baseos-rpms
    size: 45196
    checksum: sha256:aa38a3951a690d721a815ea8f9b01995a85f35a8540d8075205821011d0385e6
    name: pkgconf
    evr: 1.7.3-10.el9
    sourcerpm: pkgconf-1.7.3-10.el9.src.rpm
  - url: https://cdn.redhat.com/content/dist/rhel9/9/aarch64/baseos/os/Packages/p/pkgconf-m4-1.7.3-10.el9.noarch.rpm
    repoid: rhel-9-for-aarch64-baseos-rpms
    size: 16054
    checksum: sha256:91bafd6e06099451f60288327b275cfcc651822f6145176a157c6b0fa5131e02
    name: pkgconf-m4
    evr: 1.7.3-10.el9
    sourcerpm: pkgconf-1.7.3-10.el9.src.rpm
  - url: https://cdn.redhat.com/content/dist/rhel9/9/aarch64/baseos/os/Packages/p/pkgconf-pkg-config-1.7.3-10.el9.aarch64.rpm
    repoid: rhel-9-for-aarch64-baseos-rpms
    size: 12398
    checksum: sha256:47f1f744f96a2f3d360bc129837738dcebb1ee5032effc4472a891eea1d6a907
    name: pkgconf-pkg-config
    evr: 1.7.3-10.el9
    sourcerpm: pkgconf-1.7.3-10.el9.src.rpm
  - url: https://cdn.redhat.com/content/dist/rhel9/9/aarch64/baseos/os/Packages/r/rsync-3.2.5-3.el9.aarch64.rpm
    repoid: rhel-9-for-aarch64-baseos-rpms
    size: 416293
    checksum: sha256:99235a7555f6454898ebbcdcf927ebed68e3a60599c9226b9d1d60578d292878
    name: rsync
    evr: 3.2.5-3.el9
    sourcerpm: rsync-3.2.5-3.el9.src.rpm
  - url: https://cdn.redhat.com/content/dist/rhel9/9/aarch64/baseos/os/Packages/t/tar-1.34-7.el9.aarch64.rpm
    repoid: rhel-9-for-aarch64-baseos-rpms
    size: 900197
    checksum: sha256:44552dea889d350403c3074a33d7cb274b3f57553e47db998745df13f931b458
    name: tar
    evr: 2:1.34-7.el9
    sourcerpm: tar-1.34-7.el9.src.rpm
  source:
  - url: https://cdn.redhat.com/content/dist/layered/rhel9/aarch64/rhocp/4.20/source/SRPMS/Packages/o/openshift-clients-4.20.0-202510212154.p2.g7f1d6f8.assembly.stream.el9.src.rpm
    repoid: rhocp-4.20-for-rhel-9-aarch64-source-rpms
    size: 17389717
    checksum: sha256:42f327f750f0051da1d3176a6b5a00d4076fe26e61042b8c3773cad706129d82
    name: openshift-clients
    evr: 4.20.0-202510212154.p2.g7f1d6f8.assembly.stream.el9
  - url: https://cdn.redhat.com/content/dist/rhel9/9/aarch64/baseos/source/SRPMS/Packages/b/bash-completion-2.11-5.el9.src.rpm
    repoid: rhel-9-for-aarch64-baseos-source-rpms
    size: 323037
    checksum: sha256:e1da4ec276292a64279e9a62ae93a98295fb7be131618cc6ca48b053d0da8ca9
    name: bash-completion
    evr: 1:2.11-5.el9
  - url: https://cdn.redhat.com/content/dist/rhel9/9/aarch64/baseos/source/SRPMS/Packages/j/jq-1.6-17.el9_6.2.src.rpm
    repoid: rhel-9-for-aarch64-baseos-source-rpms
    size: 1505374
    checksum: sha256:88870e90abd12a46ac6da90154b82e5f4f3f5fbf5fb9116160e85875436aa8fa
    name: jq
    evr: 1.6-17.el9_6.2
  - url: https://cdn.redhat.com/content/dist/rhel9/9/aarch64/baseos/source/SRPMS/Packages/o/oniguruma-6.9.6-1.el9.6.src.rpm
    repoid: rhel-9-for-aarch64-baseos-source-rpms
    size: 935874
    checksum: sha256:9c864465c92115ad613c822f457af3f1f9d6e545321746cceb8b4c0f461a2fc4
    name: oniguruma
    evr: 6.9.6-1.el9.6
  - url: https://cdn.redhat.com/content/dist/rhel9/9/aarch64/baseos/source/SRPMS/Packages/p/pkgconf-1.7.3-10.el9.src.rpm
    repoid: rhel-9-for-aarch64-baseos-source-rpms
    size: 310904
    checksum: sha256:4d53718592b298ca7c49665b1f4e7bd32dcb42cad15c89345585da9f20d4fcae
    name: pkgconf
    evr: 1.7.3-10.el9
  - url: https://cdn.redhat.com/content/dist/rhel9/9/aarch64/baseos/source/SRPMS/Packages/r/rsync-3.2.5-3.el9.src.rpm
    repoid: rhel-9-for-aarch64-baseos-source-rpms
    size: 1306931
    checksum: sha256:a1fd44e58d1fb5b52b72586c5ef2e12c040428f771cde1d1350b36d3b9155db0
    name: rsync
    evr: 3.2.5-3.el9
  - url: https://cdn.redhat.com/content/dist/rhel9/9/aarch64/baseos/source/SRPMS/Packages/t/tar-1.34-7.el9.src.rpm
    repoid: rhel-9-for-aarch64-baseos-source-rpms
    size: 2261512
    checksum: sha256:d002c400d29e7305fe8a982ab6b9f49ee7a8780e4574b86fc0c5b3d5510ecb22
    name: tar
    evr: 2:1.34-7.el9
  module_metadata: []
- arch: ppc64le
  packages:
  - url: https://cdn.redhat.com/content/dist/layered/rhel9/ppc64le/rhocp/4.20/os/Packages/o/openshift-clients-4.20.0-202510212154.p2.g7f1d6f8.assembly.stream.el9.ppc64le.rpm
    repoid: rhocp-4.20-for-rhel-9-ppc64le-rpms
    size: 58249346
    checksum: sha256:f38082170e5910795e4fa797837eb3372cd2d8b0880bb322c39e16c81dabd4f6
    name: openshift-clients
    evr: 4.20.0-202510212154.p2.g7f1d6f8.assembly.stream.el9
    sourcerpm: openshift-clients-4.20.0-202510212154.p2.g7f1d6f8.assembly.stream.el9.src.rpm
  - url: https://cdn.redhat.com/content/dist/rhel9/9/ppc64le/baseos/os/Packages/b/bash-completion-2.11-5.el9.noarch.rpm
    repoid: rhel-9-for-ppc64le-baseos-rpms
    size: 469639
    checksum: sha256:3b4ae87f0e9a13cda47f1c009eb2c63135dc22b2b4dd89a6310f8e8fbb59e30a
    name: bash-completion
    evr: 1:2.11-5.el9
    sourcerpm: bash-completion-2.11-5.el9.src.rpm
  - url: https://cdn.redhat.com/content/dist/rhel9/9/ppc64le/baseos/os/Packages/j/jq-1.6-17.el9_6.2.ppc64le.rpm
    repoid: rhel-9-for-ppc64le-baseos-rpms
    size: 204618
    checksum: sha256:964f8b38dd2dc7be437a0f2159984cee8ff32326918c436d291f52dc887d36bc
    name: jq
    evr: 1.6-17.el9_6.2
    sourcerpm: jq-1.6-17.el9_6.2.src.rpm
  - url: https://cdn.redhat.com/content/dist/rhel9/9/ppc64le/baseos/os/Packages/l/libpkgconf-1.7.3-10.el9.ppc64le.rpm
    repoid: rhel-9-for-ppc64le-baseos-rpms
    size: 42712
    checksum: sha256:a96600fec79e7d94523816dc620203e812c4a08c82c07fb3bb62d7e9e6e1f661
    name: libpkgconf
    evr: 1.7.3-10.el9
    sourcerpm: pkgconf-1.7.3-10.el9.src.rpm
  - url: https://cdn.redhat.com/content/dist/rhel9/9/ppc64le/baseos/os/Packages/o/oniguruma-6.9.6-1.el9.6.ppc64le.rpm
    repoid: rhel-9-for-ppc64le-baseos-rpms
    size: 249364
    checksum: sha256:6a07dd01b88d7137f3d059162593c9be09bb8bb6b630f85f24ef36726f2361e0
    name: oniguruma
    evr: 6.9.6-1.el9.6
    sourcerpm: oniguruma-6.9.6-1.el9.6.src.rpm
  - url: https://cdn.redhat.com/content/dist/rhel9/9/ppc64le/baseos/os/Packages/p/pkgconf-1.7.3-10.el9.ppc64le.rpm
    repoid: rhel-9-for-ppc64le-baseos-rpms
    size: 46315
    checksum: sha256:a70516a3a8f016a80613bc071586cd653db12a650c4c9f057743125cb7ad7433
    name: pkgconf
    evr: 1.7.3-10.el9
    sourcerpm: pkgconf-1.7.3-10.el9.src.rpm
  - url: https://cdn.redhat.com/content/dist/rhel9/9/ppc64le/baseos/os/Packages/p/pkgconf-m4-1.7.3-10.el9.noarch.rpm
    repoid: rhel-9-for-ppc64le-baseos-rpms
    size: 16054
    checksum: sha256:91bafd6e06099451f60288327b275cfcc651822f6145176a157c6b0fa5131e02
    name: pkgconf-m4
    evr: 1.7.3-10.el9
    sourcerpm: pkgconf-1.7.3-10.el9.src.rpm
  - url: https://cdn.redhat.com/content/dist/rhel9/9/ppc64le/baseos/os/Packages/p/pkgconf-pkg-config-1.7.3-10.el9.ppc64le.rpm
    repoid: rhel-9-for-ppc64le-baseos-rpms
    size: 12416
    checksum: sha256:1d641be62db76b074f4ca2d6b470d85dcf806d96e2c834337482a73984db1979
    name: pkgconf-pkg-config
    evr: 1.7.3-10.el9
    sourcerpm: pkgconf-1.7.3-10.el9.src.rpm
  - url: https://cdn.redhat.com/content/dist/rhel9/9/ppc64le/baseos/os/Packages/r/rsync-3.2.5-3.el9.ppc64le.rpm
    repoid: rhel-9-for-ppc64le-baseos-rpms
    size: 449938
    checksum: sha256:1fd8762ad73a60556c9808a5bf2a9d964965adec91c026ef27058266dc75e1f0
    name: rsync
    evr: 3.2.5-3.el9
    sourcerpm: rsync-3.2.5-3.el9.src.rpm
  - url: https://cdn.redhat.com/content/dist/rhel9/9/ppc64le/baseos/os/Packages/t/tar-1.34-7.el9.ppc64le.rpm
    repoid: rhel-9-for-ppc64le-baseos-rpms
    size: 937724
    checksum: sha256:f2cc206dfacc9981fad6cf33600ad28bcd1c573f16d8c18523dc9df52ca90660
    name: tar
    evr: 2:1.34-7.el9
    sourcerpm: tar-1.34-7.el9.src.rpm
  source:
  - url: https://cdn.redhat.com/content/dist/layered/rhel9/ppc64le/rhocp/4.20/source/SRPMS/Packages/o/openshift-clients-4.20.0-202510212154.p2.g7f1d6f8.assembly.stream.el9.src.rpm
    repoid: rhocp-4.20-for-rhel-9-ppc64le-source-rpms
    size: 17389717
    checksum: sha256:42f327f750f0051da1d3176a6b5a00d4076fe26e61042b8c3773cad706129d82
    name: openshift-clients
    evr: 4.20.0-202510212154.p2.g7f1d6f8.assembly.stream.el9
  - url: https://cdn.redhat.com/content/dist/rhel9/9/ppc64le/baseos/source/SRPMS/Packages/b/bash-completion-2.11-5.el9.src.rpm
    repoid: rhel-9-for-ppc64le-baseos-source-rpms
    size: 323037
    checksum: sha256:e1da4ec276292a64279e9a62ae93a98295fb7be131618cc6ca48b053d0da8ca9
    name: bash-completion
    evr: 1:2.11-5.el9
  - url: https://cdn.redhat.com/content/dist/rhel9/9/ppc64le/baseos/source/SRPMS/Packages/j/jq-1.6-17.el9_6.2.src.rpm
    repoid: rhel-9-for-ppc64le-baseos-source-rpms
    size: 1505374
    checksum: sha256:88870e90abd12a46ac6da90154b82e5f4f3f5fbf5fb9116160e85875436aa8fa
    name: jq
    evr: 1.6-17.el9_6.2
  - url: https://cdn.redhat.com/content/dist/rhel9/9/ppc64le/baseos/source/SRPMS/Packages/o/oniguruma-6.9.6-1.el9.6.src.rpm
    repoid: rhel-9-for-ppc64le-baseos-source-rpms
    size: 935874
    checksum: sha256:9c864465c92115ad613c822f457af3f1f9d6e545321746cceb8b4c0f461a2fc4
    name: oniguruma
    evr: 6.9.6-1.el9.6
  - url: https://cdn.redhat.com/content/dist/rhel9/9/ppc64le/baseos/source/SRPMS/Packages/p/pkgconf-1.7.3-10.el9.src.rpm
    repoid: rhel-9-for-ppc64le-baseos-source-rpms
    size: 310904
    checksum: sha256:4d53718592b298ca7c49665b1f4e7bd32dcb42cad15c89345585da9f20d4fcae
    name: pkgconf
    evr: 1.7.3-10.el9
  - url: https://cdn.redhat.com/content/dist/rhel9/9/ppc64le/baseos/source/SRPMS/Packages/r/rsync-3.2.5-3.el9.src.rpm
    repoid: rhel-9-for-ppc64le-baseos-source-rpms
    size: 1306931
    checksum: sha256:a1fd44e58d1fb5b52b72586c5ef2e12c040428f771cde1d1350b36d3b9155db0
    name: rsync
    evr: 3.2.5-3.el9
  - url: https://cdn.redhat.com/content/dist/rhel9/9/ppc64le/baseos/source/SRPMS/Packages/t/tar-1.34-7.el9.src.rpm
    repoid: rhel-9-for-ppc64le-baseos-source-rpms
    size: 2261512
    checksum: sha256:d002c400d29e7305fe8a982ab6b9f49ee7a8780e4574b86fc0c5b3d5510ecb22
    name: tar
    evr: 2:1.34-7.el9
  module_metadata: []
- arch: s390x
  packages:
  - url: https://cdn.redhat.com/content/dist/layered/rhel9/s390x/rhocp/4.20/os/Packages/o/openshift-clients-4.20.0-202510212154.p2.g7f1d6f8.assembly.stream.el9.s390x.rpm
    repoid: rhocp-4.20-for-rhel-9-s390x-rpms
    size: 60432335
    checksum: sha256:c4b13b8bba097a28f2c8dda70d27b6525e5688dbd09bfc9477f3774ab948b301
    name: openshift-clients
    evr: 4.20.0-202510212154.p2.g7f1d6f8.assembly.stream.el9
    sourcerpm: openshift-clients-4.20.0-202510212154.p2.g7f1d6f8.assembly.stream.el9.src.rpm
  - url: https://cdn.redhat.com/content/dist/rhel9/9/s390x/baseos/os/Packages/b/bash-completion-2.11-5.el9.noarch.rpm
    repoid: rhel-9-for-s390x-baseos-rpms
    size: 469639
    checksum: sha256:3b4ae87f0e9a13cda47f1c009eb2c63135dc22b2b4dd89a6310f8e8fbb59e30a
    name: bash-completion
    evr: 1:2.11-5.el9
    sourcerpm: bash-completion-2.11-5.el9.src.rpm
  - url: https://cdn.redhat.com/content/dist/rhel9/9/s390x/baseos/os/Packages/j/jq-1.6-17.el9_6.2.s390x.rpm
    repoid: rhel-9-for-s390x-baseos-rpms
    size: 201048
    checksum: sha256:ac3defc220a9db4c5380e36fad169e1727160b9cfd0b9b32b6e8d6e6a7897dcd
    name: jq
    evr: 1.6-17.el9_6.2
    sourcerpm: jq-1.6-17.el9_6.2.src.rpm
  - url: https://cdn.redhat.com/content/dist/rhel9/9/s390x/baseos/os/Packages/l/libpkgconf-1.7.3-10.el9.s390x.rpm
    repoid: rhel-9-for-s390x-baseos-rpms
    size: 37876
    checksum: sha256:fa1da3b44d85663cceaa0faf8eb5f2f7325cc83c381d6018f303edd06cab5938
    name: libpkgconf
    evr: 1.7.3-10.el9
    sourcerpm: pkgconf-1.7.3-10.el9.src.rpm
  - url: https://cdn.redhat.com/content/dist/rhel9/9/s390x/baseos/os/Packages/o/oniguruma-6.9.6-1.el9.6.s390x.rpm
    repoid: rhel-9-for-s390x-baseos-rpms
    size: 225688
    checksum: sha256:67630347e4df461ccd7f7d803e46e03d078d3ac1795045f008f3bc89818d4e22
    name: oniguruma
    evr: 6.9.6-1.el9.6
    sourcerpm: oniguruma-6.9.6-1.el9.6.src.rpm
  - url: https://cdn.redhat.com/content/dist/rhel9/9/s390x/baseos/os/Packages/p/pkgconf-1.7.3-10.el9.s390x.rpm
    repoid: rhel-9-for-s390x-baseos-rpms
    size: 45258
    checksum: sha256:a5f966f792cacc4696e4187593a915fb56452dd272cf4c81d930968adb3ee00c
    name: pkgconf
    evr: 1.7.3-10.el9
    sourcerpm: pkgconf-1.7.3-10.el9.src.rpm
  - url: https://cdn.redhat.com/content/dist/rhel9/9/s390x/baseos/os/Packages/p/pkgconf-m4-1.7.3-10.el9.noarch.rpm
    repoid: rhel-9-for-s390x-baseos-rpms
    size: 16054
    checksum: sha256:91bafd6e06099451f60288327b275cfcc651822f6145176a157c6b0fa5131e02
    name: pkgconf-m4
    evr: 1.7.3-10.el9
    sourcerpm: pkgconf-1.7.3-10.el9.src.rpm
  - url: https://cdn.redhat.com/content/dist/rhel9/9/s390x/baseos/os/Packages/p/pkgconf-pkg-config-1.7.3-10.el9.s390x.rpm
    repoid: rhel-9-for-s390x-baseos-rpms
    size: 12411
    checksum: sha256:ef854bfe75102d994afb58510121164c4b9b8359b7d983cd8904c425a175b750
    name: pkgconf-pkg-config
    evr: 1.7.3-10.el9
    sourcerpm: pkgconf-1.7.3-10.el9.src.rpm
  - url: https://cdn.redhat.com/content/dist/rhel9/9/s390x/baseos/os/Packages/r/rsync-3.2.5-3.el9.s390x.rpm
    repoid: rhel-9-for-s390x-baseos-rpms
    size: 418877
    checksum: sha256:2d1a87e86fb23bc665b7c7ce8775c73d500ef6e152f15c78493b95638dfb7925
    name: rsync
    evr: 3.2.5-3.el9
    sourcerpm: rsync-3.2.5-3.el9.src.rpm
  - url: https://cdn.redhat.com/content/dist/rhel9/9/s390x/baseos/os/Packages/t/tar-1.34-7.el9.s390x.rpm
    repoid: rhel-9-for-s390x-baseos-rpms
    size: 902370
    checksum: sha256:fa8758bac6a56830de66ad1ab623c87768065bcc6f8242faa42ac4198260d456
    name: tar
    evr: 2:1.34-7.el9
    sourcerpm: tar-1.34-7.el9.src.rpm
  source:
  - url: https://cdn.redhat.com/content/dist/layered/rhel9/s390x/rhocp/4.20/source/SRPMS/Packages/o/openshift-clients-4.20.0-202510212154.p2.g7f1d6f8.assembly.stream.el9.src.rpm
    repoid: rhocp-4.20-for-rhel-9-s390x-source-rpms
    size: 17389717
    checksum: sha256:42f327f750f0051da1d3176a6b5a00d4076fe26e61042b8c3773cad706129d82
    name: openshift-clients
    evr: 4.20.0-202510212154.p2.g7f1d6f8.assembly.stream.el9
  - url: https://cdn.redhat.com/content/dist/rhel9/9/s390x/baseos/source/SRPMS/Packages/b/bash-completion-2.11-5.el9.src.rpm
    repoid: rhel-9-for-s390x-baseos-source-rpms
    size: 323037
    checksum: sha256:e1da4ec276292a64279e9a62ae93a98295fb7be131618cc6ca48b053d0da8ca9
    name: bash-completion
    evr: 1:2.11-5.el9
  - url: https://cdn.redhat.com/content/dist/rhel9/9/s390x/baseos/source/SRPMS/Packages/j/jq-1.6-17.el9_6.2.src.rpm
    repoid: rhel-9-for-s390x-baseos-source-rpms
    size: 1505374
    checksum: sha256:88870e90abd12a46ac6da90154b82e5f4f3f5fbf5fb9116160e85875436aa8fa
    name: jq
    evr: 1.6-17.el9_6.2
  - url: https://cdn.redhat.com/content/dist/rhel9/9/s390x/baseos/source/SRPMS/Packages/o/oniguruma-6.9.6-1.el9.6.src.rpm
    repoid: rhel-9-for-s390x-baseos-source-rpms
    size: 935874
    checksum: sha256:9c864465c92115ad613c822f457af3f1f9d6e545321746cceb8b4c0f461a2fc4
    name: oniguruma
    evr: 6.9.6-1.el9.6
  - url: https://cdn.redhat.com/content/dist/rhel9/9/s390x/baseos/source/SRPMS/Packages/p/pkgconf-1.7.3-10.el9.src.rpm
    repoid: rhel-9-for-s390x-baseos-source-rpms
    size: 310904
    checksum: sha256:4d53718592b298ca7c49665b1f4e7bd32dcb42cad15c89345585da9f20d4fcae
    name: pkgconf
    evr: 1.7.3-10.el9
  - url: https://cdn.redhat.com/content/dist/rhel9/9/s390x/baseos/source/SRPMS/Packages/r/rsync-3.2.5-3.el9.src.rpm
    repoid: rhel-9-for-s390x-baseos-source-rpms
    size: 1306931
    checksum: sha256:a1fd44e58d1fb5b52b72586c5ef2e12c040428f771cde1d1350b36d3b9155db0
    name: rsync
    evr: 3.2.5-3.el9
  - url: https://cdn.redhat.com/content/dist/rhel9/9/s390x/baseos/source/SRPMS/Packages/t/tar-1.34-7.el9.src.rpm
    repoid: rhel-9-for-s390x-baseos-source-rpms
    size: 2261512
    checksum: sha256:d002c400d29e7305fe8a982ab6b9f49ee7a8780e4574b86fc0c5b3d5510ecb22
    name: tar
    evr: 2:1.34-7.el9
  module_metadata: []
- arch: x86_64
  packages:
  - url: https://cdn.redhat.com/content/dist/layered/rhel9/x86_64/rhocp/4.20/os/Packages/o/openshift-clients-4.20.0-202510212154.p2.g7f1d6f8.assembly.stream.el9.x86_64.rpm
    repoid: rhocp-4.20-for-rhel-9-x86_64-rpms
    size: 62188979
    checksum: sha256:8a95ad1ef6fde5e7650eee4c890e0a41a49f70f5140ee83bd2a8fe7525597aa2
    name: openshift-clients
    evr: 4.20.0-202510212154.p2.g7f1d6f8.assembly.stream.el9
    sourcerpm: openshift-clients-4.20.0-202510212154.p2.g7f1d6f8.assembly.stream.el9.src.rpm
  - url: https://cdn.redhat.com/content/dist/rhel9/9/x86_64/baseos/os/Packages/b/bash-completion-2.11-5.el9.noarch.rpm
    repoid: rhel-9-for-x86_64-baseos-rpms
    size: 469639
    checksum: sha256:3b4ae87f0e9a13cda47f1c009eb2c63135dc22b2b4dd89a6310f8e8fbb59e30a
    name: bash-completion
    evr: 1:2.11-5.el9
    sourcerpm: bash-completion-2.11-5.el9.src.rpm
  - url: https://cdn.redhat.com/content/dist/rhel9/9/x86_64/baseos/os/Packages/j/jq-1.6-17.el9_6.2.x86_64.rpm
    repoid: rhel-9-for-x86_64-baseos-rpms
    size: 191681
    checksum: sha256:d3c6d74db82f6c55533f2d9798d2d4e44988d212880b5b2afd855a43fe2b17d9
    name: jq
    evr: 1.6-17.el9_6.2
    sourcerpm: jq-1.6-17.el9_6.2.src.rpm
  - url: https://cdn.redhat.com/content/dist/rhel9/9/x86_64/baseos/os/Packages/l/libpkgconf-1.7.3-10.el9.x86_64.rpm
    repoid: rhel-9-for-x86_64-baseos-rpms
    size: 38387
    checksum: sha256:4feae5941b73640bd86b8d506a657cac5b770043db1464fbcd207721b2159dda
    name: libpkgconf
    evr: 1.7.3-10.el9
    sourcerpm: pkgconf-1.7.3-10.el9.src.rpm
  - url: https://cdn.redhat.com/content/dist/rhel9/9/x86_64/baseos/os/Packages/o/oniguruma-6.9.6-1.el9.6.x86_64.rpm
    repoid: rhel-9-for-x86_64-baseos-rpms
    size: 226451
    checksum: sha256:a532fc644b41ead28ac07fb4217e2ceb9cdd5fdaadc13e9a02b7be3ee703bf85
    name: oniguruma
    evr: 6.9.6-1.el9.6
    sourcerpm: oniguruma-6.9.6-1.el9.6.src.rpm
  - url: https://cdn.redhat.com/content/dist/rhel9/9/x86_64/baseos/os/Packages/p/pkgconf-1.7.3-10.el9.x86_64.rpm
    repoid: rhel-9-for-x86_64-baseos-rpms
    size: 45675
    checksum: sha256:bb47b4ecc499c308f41031a99e723827d152d5d750f59849d0c265d820944a26
    name: pkgconf
    evr: 1.7.3-10.el9
    sourcerpm: pkgconf-1.7.3-10.el9.src.rpm
  - url: https://cdn.redhat.com/content/dist/rhel9/9/x86_64/baseos/os/Packages/p/pkgconf-m4-1.7.3-10.el9.noarch.rpm
    repoid: rhel-9-for-x86_64-baseos-rpms
    size: 16054
    checksum: sha256:91bafd6e06099451f60288327b275cfcc651822f6145176a157c6b0fa5131e02
    name: pkgconf-m4
    evr: 1.7.3-10.el9
    sourcerpm: pkgconf-1.7.3-10.el9.src.rpm
  - url: https://cdn.redhat.com/content/dist/rhel9/9/x86_64/baseos/os/Packages/p/pkgconf-pkg-config-1.7.3-10.el9.x86_64.rpm
    repoid: rhel-9-for-x86_64-baseos-rpms
    size: 12438
    checksum: sha256:9a502d81d73d3303ceb53a06ad7ce525c97117ea64352174a33708bf3429283d
    name: pkgconf-pkg-config
    evr: 1.7.3-10.el9
    sourcerpm: pkgconf-1.7.3-10.el9.src.rpm
  - url: https://cdn.redhat.com/content/dist/rhel9/9/x86_64/baseos/os/Packages/r/rsync-3.2.5-3.el9.x86_64.rpm
    repoid: rhel-9-for-x86_64-baseos-rpms
    size: 421930
    checksum: sha256:b1d90c38b613f2d66dfe0c7c3d067a3ce429f7b2ec5224e560f326fc2fd8d1e5
    name: rsync
    evr: 3.2.5-3.el9
    sourcerpm: rsync-3.2.5-3.el9.src.rpm
  - url: https://cdn.redhat.com/content/dist/rhel9/9/x86_64/baseos/os/Packages/t/tar-1.34-7.el9.x86_64.rpm
    repoid: rhel-9-for-x86_64-baseos-rpms
    size: 910235
    checksum: sha256:17f2e592a2c04c050b690afeb9042e02521a0b5ee3288dad837463f4acf542c3
    name: tar
    evr: 2:1.34-7.el9
    sourcerpm: tar-1.34-7.el9.src.rpm
  source:
  - url: https://cdn.redhat.com/content/dist/layered/rhel9/x86_64/rhocp/4.20/source/SRPMS/Packages/o/openshift-clients-4.20.0-202510212154.p2.g7f1d6f8.assembly.stream.el9.src.rpm
    repoid: rhocp-4.20-for-rhel-9-x86_64-source-rpms
    size: 17389717
    checksum: sha256:42f327f750f0051da1d3176a6b5a00d4076fe26e61042b8c3773cad706129d82
    name: openshift-clients
    evr: 4.20.0-202510212154.p2.g7f1d6f8.assembly.stream.el9
  - url: https://cdn.redhat.com/content/dist/rhel9/9/x86_64/baseos/source/SRPMS/Packages/b/bash-completion-2.11-5.el9.src.rpm
    repoid: rhel-9-for-x86_64-baseos-source-rpms
    size: 323037
    checksum: sha256:e1da4ec276292a64279e9a62ae93a98295fb7be131618cc6ca48b053d0da8ca9
    name: bash-completion
    evr: 1:2.11-5.el9
  - url: https://cdn.redhat.com/content/dist/rhel9/9/x86_64/baseos/source/SRPMS/Packages/j/jq-1.6-17.el9_6.2.src.rpm
    repoid: rhel-9-for-x86_64-baseos-source-rpms
    size: 1505374
    checksum: sha256:88870e90abd12a46ac6da90154b82e5f4f3f5fbf5fb9116160e85875436aa8fa
    name: jq
    evr: 1.6-17.el9_6.2
  - url: https://cdn.redhat.com/content/dist/rhel9/9/x86_64/baseos/source/SRPMS/Packages/o/oniguruma-6.9.6-1.el9.6.src.rpm
    repoid: rhel-9-for-x86_64-baseos-source-rpms
    size: 935874
    checksum: sha256:9c864465c92115ad613c822f457af3f1f9d6e545321746cceb8b4c0f461a2fc4
    name: oniguruma
    evr: 6.9.6-1.el9.6
  - url: https://cdn.redhat.com/content/dist/rhel9/9/x86_64/baseos/source/SRPMS/Packages/p/pkgconf-1.7.3-10.el9.src.rpm
    repoid: rhel-9-for-x86_64-baseos-source-rpms
    size: 310904
    checksum: sha256:4d53718592b298ca7c49665b1f4e7bd32dcb42cad15c89345585da9f20d4fcae
    name: pkgconf
    evr: 1.7.3-10.el9
  - url: https://cdn.redhat.com/content/dist/rhel9/9/x86_64/baseos/source/SRPMS/Packages/r/rsync-3.2.5-3.el9.src.rpm
    repoid: rhel-9-for-x86_64-baseos-source-rpms
    size: 1306931
    checksum: sha256:a1fd44e58d1fb5b52b72586c5ef2e12c040428f771cde1d1350b36d3b9155db0
    name: rsync
    evr: 3.2.5-3.el9
  - url: https://cdn.redhat.com/content/dist/rhel9/9/x86_64/baseos/source/SRPMS/Packages/t/tar-1.34-7.el9.src.rpm
    repoid: rhel-9-for-x86_64-baseos-source-rpms
    size: 2261512
    checksum: sha256:d002c400d29e7305fe8a982ab6b9f49ee7a8780e4574b86fc0c5b3d5510ecb22
    name: tar
    evr: 2:1.34-7.el9
  module_metadata: []
